
Microsoft Visual Studio Solution File, Format Version 12.00
# Visual Studio 2013
VisualStudioVersion = 12.0.21005.1
MinimumVisualStudioVersion = 10.0.40219.1
Project("{E24C65DC-7377-472B-9ABA-BC803B73C61A}") = "sitio", "http://localhost:59977", "{6EC3D7FB-7AD9-4469-A145-3D4E38A64552}"
	ProjectSection(WebsiteProperties) = preProject
		UseIISExpress = "true"
		TargetFrameworkMoniker = ".NETFramework,Version%3Dv4.5"
		ProjectReferences = "{4d9e0543-8fa7-4892-becf-cb3619a6090e}|ProjectBseBusiness.dll;"
		Debug.AspNetCompiler.VirtualPath = "/localhost_59977"
		Debug.AspNetCompiler.PhysicalPath = "..\sitio\"
		Debug.AspNetCompiler.TargetPath = "PrecompiledWeb\localhost_59977\"
		Debug.AspNetCompiler.Updateable = "true"
		Debug.AspNetCompiler.ForceOverwrite = "true"
		Debug.AspNetCompiler.FixedNames = "false"
		Debug.AspNetCompiler.Debug = "True"
		Release.AspNetCompiler.VirtualPath = "/localhost_59977"
		Release.AspNetCompiler.PhysicalPath = "..\sitio\"
		Release.AspNetCompiler.TargetPath = "PrecompiledWeb\localhost_59977\"
		Release.AspNetCompiler.Updateable = "true"
		Release.AspNetCompiler.ForceOverwrite = "true"
		Release.AspNetCompiler.FixedNames = "false"
		Release.AspNetCompiler.Debug = "False"
		SlnRelativePath = "..\sitio\"
	EndProjectSection
EndProject
Project("{F184B08F-C81C-45F6-A57F-5ABD9991F28F}") = "ProjectBseBusiness", "ProjectBseBusiness\ProjectBseBusiness.vbproj", "{4D9E0543-8FA7-4892-BECF-CB3619A6090E}"
EndProject
Global
	GlobalSection(SolutionConfigurationPlatforms) = preSolution
		Debug|Any CPU = Debug|Any CPU
		Release|Any CPU = Release|Any CPU
	EndGlobalSection
	GlobalSection(ProjectConfigurationPlatforms) = postSolution
		{6EC3D7FB-7AD9-4469-A145-3D4E38A64552}.Debug|Any CPU.ActiveCfg = Debug|Any CPU
		{6EC3D7FB-7AD9-4469-A145-3D4E38A64552}.Debug|Any CPU.Build.0 = Debug|Any CPU
		{6EC3D7FB-7AD9-4469-A145-3D4E38A64552}.Release|Any CPU.ActiveCfg = Debug|Any CPU
		{6EC3D7FB-7AD9-4469-A145-3D4E38A64552}.Release|Any CPU.Build.0 = Debug|Any CPU
		{4D9E0543-8FA7-4892-BECF-CB3619A6090E}.Debug|Any CPU.ActiveCfg = Debug|Any CPU
		{4D9E0543-8FA7-4892-BECF-CB3619A6090E}.Debug|Any CPU.Build.0 = Debug|Any CPU
		{4D9E0543-8FA7-4892-BECF-CB3619A6090E}.Release|Any CPU.ActiveCfg = Release|Any CPU
		{4D9E0543-8FA7-4892-BECF-CB3619A6090E}.Release|Any CPU.Build.0 = Release|Any CPU
	EndGlobalSection
	GlobalSection(SolutionProperties) = preSolution
		HideSolutionNode = FALSE
	EndGlobalSection
EndGlobal
